
Microsoft Visual Studio Solution File, Format Version 12.00
# Visual Studio Version 16
VisualStudioVersion = 16.0.30907.101
MinimumVisualStudioVersion = 10.0.40219.1
Project("{FAE04EC0-301F-11D3-BF4B-00C04F79EFBC}") = "LibraryManagementSystem", "LibraryManagementSystem\LibraryManagementSystem.csproj", "{00C3142B-A091-411A-B9C3-301EC7C7028F}"
EndProject
Global
	GlobalSection(SolutionConfigurationPlatforms) = preSolution
		Debug|Any CPU = Debug|Any CPU
		Release|Any CPU = Release|Any CPU
	EndGlobalSection
	GlobalSection(ProjectConfigurationPlatforms) = postSolution
		{00C3142B-A091-411A-B9C3-301EC7C7028F}.Debug|Any CPU.ActiveCfg = Debug|Any CPU
		{00C3142B-A091-411A-B9C3-301EC7C7028F}.Debug|Any CPU.Build.0 = Debug|Any CPU
		{00C3142B-A091-411A-B9C3-301EC7C7028F}.Release|Any CPU.ActiveCfg = Release|Any CPU
		{00C3142B-A091-411A-B9C3-301EC7C7028F}.Release|Any CPU.Build.0 = Release|Any CPU
	EndGlobalSection
	GlobalSection(SolutionProperties) = preSolution
		HideSolutionNode = FALSE
	EndGlobalSection
	GlobalSection(ExtensibilityGlobals) = postSolution
		SolutionGuid = {E839737F-6F33-4A84-87C9-45B6435B14DA}
	EndGlobalSection
EndGlobal
